
Microsoft Visual Studio Solution File, Format Version 12.00
# Visual Studio Version 16
VisualStudioVersion = 16.0.30907.101
MinimumVisualStudioVersion = 10.0.40219.1
Project("{9A19103F-16F7-4668-BE54-9A1E7A4F7556}") = "MemoApp", "MemoApp\MemoApp.csproj", "{2978DC61-0947-4BB6-8B40-DA3F857D6E95}"
EndProject
Global
	GlobalSection(SolutionConfigurationPlatforms) = preSolution
		Debug|Any CPU = Debug|Any CPU
		Release|Any CPU = Release|Any CPU
	EndGlobalSection
	GlobalSection(ProjectConfigurationPlatforms) = postSolution
		{2978DC61-0947-4BB6-8B40-DA3F857D6E95}.Debug|Any CPU.ActiveCfg = Debug|Any CPU
		{2978DC61-0947-4BB6-8B40-DA3F857D6E95}.Debug|Any CPU.Build.0 = Debug|Any CPU
		{2978DC61-0947-4BB6-8B40-DA3F857D6E95}.Release|Any CPU.ActiveCfg = Release|Any CPU
		{2978DC61-0947-4BB6-8B40-DA3F857D6E95}.Release|Any CPU.Build.0 = Release|Any CPU
	EndGlobalSection
	GlobalSection(SolutionProperties) = preSolution
		HideSolutionNode = FALSE
	EndGlobalSection
	GlobalSection(ExtensibilityGlobals) = postSolution
		SolutionGuid = {FFD4E007-DDE8-49E7-B0AA-F21A715B599D}
	EndGlobalSection
EndGlobal
